
Microsoft Visual Studio Solution File, Format Version 12.00
# Visual Studio Version 17
VisualStudioVersion = 17.8.34511.84
MinimumVisualStudioVersion = 10.0.40219.1
Project("{888888A0-9F3D-457C-B088-3A5042F75D52}") = "Contour Animator", "Contour Animator.pyproj", "{BED34011-0D15-4DFF-A4ED-73ED0DD263E6}"
EndProject
Global
	GlobalSection(SolutionConfigurationPlatforms) = preSolution
		Debug|Any CPU = Debug|Any CPU
		Release|Any CPU = Release|Any CPU
	EndGlobalSection
	GlobalSection(ProjectConfigurationPlatforms) = postSolution
		{BED34011-0D15-4DFF-A4ED-73ED0DD263E6}.Debug|Any CPU.ActiveCfg = Debug|Any CPU
		{BED34011-0D15-4DFF-A4ED-73ED0DD263E6}.Release|Any CPU.ActiveCfg = Release|Any CPU
	EndGlobalSection
	GlobalSection(SolutionProperties) = preSolution
		HideSolutionNode = FALSE
	EndGlobalSection
	GlobalSection(ExtensibilityGlobals) = postSolution
		SolutionGuid = {8F486BEC-34B9-45B4-A478-AE93F7CA1187}
	EndGlobalSection
EndGlobal
